Microsoft Visual Studio Solution File, Format Version 12.00
# Visual Studio 2012
Project("{FAE04EC0-301F-11D3-BF4B-00C04F79EFBC}") = "Godot Authentication", "Godot Authentication.csproj", "{2B265D1A-FF34-4235-8B2B-2C58D46CFDD8}"
EndProject
Global
	GlobalSection(SolutionConfigurationPlatforms) = preSolution
	Debug|Any CPU = Debug|Any CPU
	ExportDebug|Any CPU = ExportDebug|Any CPU
	ExportRelease|Any CPU = ExportRelease|Any CPU
	EndGlobalSection
	GlobalSection(ProjectConfigurationPlatforms) = postSolution
		{2B265D1A-FF34-4235-8B2B-2C58D46CFDD8}.Debug|Any CPU.ActiveCfg = Debug|Any CPU
		{2B265D1A-FF34-4235-8B2B-2C58D46CFDD8}.Debug|Any CPU.Build.0 = Debug|Any CPU
		{2B265D1A-FF34-4235-8B2B-2C58D46CFDD8}.ExportDebug|Any CPU.ActiveCfg = ExportDebug|Any CPU
		{2B265D1A-FF34-4235-8B2B-2C58D46CFDD8}.ExportDebug|Any CPU.Build.0 = ExportDebug|Any CPU
		{2B265D1A-FF34-4235-8B2B-2C58D46CFDD8}.ExportRelease|Any CPU.ActiveCfg = ExportRelease|Any CPU
		{2B265D1A-FF34-4235-8B2B-2C58D46CFDD8}.ExportRelease|Any CPU.Build.0 = ExportRelease|Any CPU
	EndGlobalSection
EndGlobal
